
Microsoft Visual Studio Solution File, Format Version 12.00
# Visual Studio Version 16
VisualStudioVersion = 16.0.29519.181
MinimumVisualStudioVersion = 10.0.40219.1
Project("{FAE04EC0-301F-11D3-BF4B-00C04F79EFBC}") = "Task_6", "Task_6.csproj", "{519DCDF0-262C-465C-9699-C7A756499D1F}"
EndProject
Global
	GlobalSection(SolutionConfigurationPlatforms) = preSolution
		Debug|Any CPU = Debug|Any CPU
		Release|Any CPU = Release|Any CPU
	EndGlobalSection
	GlobalSection(ProjectConfigurationPlatforms) = postSolution
		{519DCDF0-262C-465C-9699-C7A756499D1F}.Debug|Any CPU.ActiveCfg = Debug|Any CPU
		{519DCDF0-262C-465C-9699-C7A756499D1F}.Debug|Any CPU.Build.0 = Debug|Any CPU
		{519DCDF0-262C-465C-9699-C7A756499D1F}.Release|Any CPU.ActiveCfg = Release|Any CPU
		{519DCDF0-262C-465C-9699-C7A756499D1F}.Release|Any CPU.Build.0 = Release|Any CPU
	EndGlobalSection
	GlobalSection(SolutionProperties) = preSolution
		HideSolutionNode = FALSE
	EndGlobalSection
	GlobalSection(ExtensibilityGlobals) = postSolution
		SolutionGuid = {B6D3036F-26C6-464F-9B1E-1FE31C268852}
	EndGlobalSection
EndGlobal
